{
  "version": 4,
  "terraform_version": "1.1.2",
  "serial": 48,
  "lineage": "07d9b527-0422-e532-b217-dd9280a66201",
  "outputs": {},
  "resources": [
    {
      "mode": "data",
      "type": "digitalocean_droplet_snapshot",
      "name": "factorio-snapshot",
      "provider": "provider[\"registry.terraform.io/digitalocean/digitalocean\"]",
      "instances": [
        {
          "schema_version": 0,
          "attributes": {
            "created_at": "2022-01-08T01:14:06Z",
            "droplet_id": "281147976",
            "id": "99428749",
            "min_disk_size": 25,
            "most_recent": true,
            "name": "factorio-1.1.50",
            "name_regex": "^factorio-",
            "region": "nyc1",
            "regions": [
              "nyc1"
            ],
            "size": 2.13
          },
          "sensitive_attributes": []
        }
      ]
    },
    {
      "mode": "data",
      "type": "digitalocean_ssh_key",
      "name": "key",
      "provider": "provider[\"registry.terraform.io/digitalocean/digitalocean\"]",
      "instances": [
        {
          "schema_version": 0,
          "attributes": {
            "fingerprint": "de:64:af:2c:cf:9e:cc:83:35:65:a8:30:39:0e:b3:1d",
            "id": 32834716,
            "name": "Justin's Personal Macbook",
            "public_key": "ssh-ed25519 AAAAC3NzaC1lZDI1NTE5AAAAIFTA4RfHdX5xhyfbmprlKOFawlxcqkpO/9294scgWp51"
          },
          "sensitive_attributes": []
        }
      ]
    },
    {
      "mode": "managed",
      "type": "digitalocean_droplet",
      "name": "factorio",
      "provider": "provider[\"registry.terraform.io/digitalocean/digitalocean\"]",
      "instances": [
        {
          "schema_version": 1,
          "attributes": {
            "backups": false,
            "created_at": "2022-01-09T23:46:41Z",
            "disk": 25,
            "droplet_agent": null,
            "graceful_shutdown": false,
            "id": "281399411",
            "image": "99428749",
            "ipv4_address": "147.182.220.180",
            "ipv4_address_private": "192.168.1.2",
            "ipv6": false,
            "ipv6_address": "",
            "locked": false,
            "memory": 8192,
            "monitoring": false,
            "name": "factorio-server",
            "price_hourly": 0.08929,
            "price_monthly": 60,
            "private_networking": true,
            "region": "nyc1",
            "resize_disk": true,
            "size": "g-2vcpu-8gb",
            "ssh_keys": [
              "32834716"
            ],
            "status": "active",
            "tags": null,
            "urn": "do:droplet:281399411",
            "user_data": null,
            "vcpus": 2,
            "volume_ids": [],
            "vpc_uuid": "d8dc75c9-5d85-4223-a414-049940ebfc46"
          },
          "sensitive_attributes": [],
          "private": "eyJzY2hlbWFfdmVyc2lvbiI6IjEifQ==",
          "dependencies": [
            "data.digitalocean_droplet_snapshot.factorio-snapshot",
            "data.digitalocean_ssh_key.key",
            "digitalocean_vpc.factorio-vpc"
          ]
        }
      ]
    },
    {
      "mode": "managed",
      "type": "digitalocean_firewall",
      "name": "factorio-server-firewall",
      "provider": "provider[\"registry.terraform.io/digitalocean/digitalocean\"]",
      "instances": [
        {
          "schema_version": 0,
          "attributes": {
            "created_at": "2022-01-09T23:47:19Z",
            "droplet_ids": [
              281399411
            ],
            "id": "aaa5deaf-4f43-4aa5-a649-f4fa93300cbb",
            "inbound_rule": [
              {
                "port_range": "22",
                "protocol": "tcp",
                "source_addresses": [
                  "24.154.14.243/32"
                ],
                "source_droplet_ids": [],
                "source_kubernetes_ids": [],
                "source_load_balancer_uids": [],
                "source_tags": []
              },
              {
                "port_range": "34197",
                "protocol": "udp",
                "source_addresses": [
                  "0.0.0.0/0"
                ],
                "source_droplet_ids": [],
                "source_kubernetes_ids": [],
                "source_load_balancer_uids": [],
                "source_tags": []
              }
            ],
            "name": "factorio-ports",
            "outbound_rule": [
              {
                "destination_addresses": [
                  "0.0.0.0/0"
                ],
                "destination_droplet_ids": [],
                "destination_kubernetes_ids": [],
                "destination_load_balancer_uids": [],
                "destination_tags": [],
                "port_range": "1-65535",
                "protocol": "tcp"
              },
              {
                "destination_addresses": [
                  "0.0.0.0/0"
                ],
                "destination_droplet_ids": [],
                "destination_kubernetes_ids": [],
                "destination_load_balancer_uids": [],
                "destination_tags": [],
                "port_range": "1-65535",
                "protocol": "udp"
              }
            ],
            "pending_changes": [
              {
                "droplet_id": 281399411,
                "removing": false,
                "status": "waiting"
              }
            ],
            "status": "waiting",
            "tags": null
          },
          "sensitive_attributes": [],
          "private": "bnVsbA==",
          "dependencies": [
            "data.digitalocean_droplet_snapshot.factorio-snapshot",
            "data.digitalocean_ssh_key.key",
            "digitalocean_droplet.factorio",
            "digitalocean_vpc.factorio-vpc"
          ]
        }
      ]
    },
    {
      "mode": "managed",
      "type": "digitalocean_project",
      "name": "factorio",
      "provider": "provider[\"registry.terraform.io/digitalocean/digitalocean\"]",
      "instances": [
        {
          "schema_version": 0,
          "attributes": {
            "created_at": "2022-01-09T23:47:18Z",
            "description": "A project to house a factorio server",
            "environment": "Development",
            "id": "9adbbc62-e9c7-4818-a59d-6b3faf080012",
            "is_default": false,
            "name": "factorio",
            "owner_id": 2103565,
            "owner_uuid": "f72291cacfd80bf1f3f6165fa4c46e48bebc1be8",
            "purpose": "Web Application",
            "resources": [
              "do:droplet:281399411"
            ],
            "updated_at": "2022-01-09T23:47:18Z"
          },
          "sensitive_attributes": [],
          "private": "bnVsbA==",
          "dependencies": [
            "data.digitalocean_droplet_snapshot.factorio-snapshot",
            "data.digitalocean_ssh_key.key",
            "digitalocean_droplet.factorio",
            "digitalocean_vpc.factorio-vpc"
          ]
        }
      ]
    },
    {
      "mode": "managed",
      "type": "digitalocean_vpc",
      "name": "factorio-vpc",
      "provider": "provider[\"registry.terraform.io/digitalocean/digitalocean\"]",
      "instances": [
        {
          "schema_version": 0,
          "attributes": {
            "created_at": "2022-01-09 23:44:26 +0000 UTC",
            "default": false,
            "description": "",
            "id": "d8dc75c9-5d85-4223-a414-049940ebfc46",
            "ip_range": "192.168.1.0/24",
            "name": "factorio-vpc",
            "region": "nyc1",
            "timeouts": null,
            "urn": "do:vpc:d8dc75c9-5d85-4223-a414-049940ebfc46"
          },
          "sensitive_attributes": [],
          "private": "eyJlMmJmYjczMC1lY2FhLTExZTYtOGY4OC0zNDM2M2JjN2M0YzAiOnsiZGVsZXRlIjoxMjAwMDAwMDAwMDB9fQ=="
        }
      ]
    }
  ]
}
